// !$*UTF8*$!
{
	archiveVersion = 1;
	classes = {
	};
	objectVersion = 46;
	objects = {

/* Begin PBXBuildFile section */
		85B187A61C84AAF800E3B03C /* main.m in Sources */ = {isa = PBXBuildFile; fileRef = 85B187A51C84AAF800E3B03C /* main.m */; };
		85B187A91C84AAF800E3B03C /* AppDelegate.m in Sources */ = {isa = PBXBuildFile; fileRef = 85B187A81C84AAF800E3B03C /* AppDelegate.m */; };
		85B187AC1C84AAF800E3B03C /* ViewController.m in Sources */ = {isa = PBXBuildFile; fileRef = 85B187AB1C84AAF800E3B03C /* ViewController.m */; };
		85B187AF1C84AAF800E3B03C /* Main.storyboard in Resources */ = {isa = PBXBuildFile; fileRef = 85B187AD1C84AAF800E3B03C /* Main.storyboard */; };
		85B187B11C84AAF800E3B03C /* Images.xcassets in Resources */ = {isa = PBXBuildFile; fileRef = 85B187B01C84AAF800E3B03C /* Images.xcassets */; };
		85B187B41C84AAF800E3B03C /* LaunchScreen.xib in Resources */ = {isa = PBXBuildFile; fileRef = 85B187B21C84AAF800E3B03C /* LaunchScreen.xib */; };
		85B187C01C84AAF800E3B03C /* calculatorTests.m in Sources */ = {isa = PBXBuildFile; fileRef = 85B187BF1C84AAF800E3B03C /* calculatorTests.m */; };
/* End PBXBuildFile section */

/* Begin PBXContainerItemProxy section */
		85B187BA1C84AAF800E3B03C /* PBXContainerItemProxy */ = {
			isa = PBXContainerItemProxy;
			containerPortal = 85B187981C84AAF800E3B03C /* Project object */;
			proxyType = 1;
			remoteGlobalIDString = 85B1879F1C84AAF800E3B03C;
			remoteInfo = calculator;
		};
/* End PBXContainerItemProxy section */

/* Begin PBXFileReference section */
		85B187A01C84AAF800E3B03C /* calculator.app */ = {isa = PBXFileReference; explicitFileType = wrapper.application; includeInIndex = 0; path = calculator.app; sourceTree = BUILT_PRODUCTS_DIR; };
		85B187A41C84AAF800E3B03C /* Info.plist */ = {isa = PBXFileReference; lastKnownFileType = text.plist.xml; path = Info.plist; sourceTree = "<group>"; };
		85B187A51C84AAF800E3B03C /* main.m */ = {isa = PBXFileReference; lastKnownFileType = sourcecode.c.objc; path = main.m; sourceTree = "<group>"; };
		85B187A71C84AAF800E3B03C /* AppDelegate.h */ = {isa = PBXFileReference; lastKnownFileType = sourcecode.c.h; path = AppDelegate.h; sourceTree = "<group>"; };
		85B187A81C84AAF800E3B03C /* AppDelegate.m */ = {isa = PBXFileReference; lastKnownFileType = sourcecode.c.objc; path = AppDelegate.m; sourceTree = "<group>"; };
		85B187AA1C84AAF800E3B03C /* ViewController.h */ = {isa = PBXFileReference; lastKnownFileType = sourcecode.c.h; path = ViewController.h; sourceTree = "<group>"; };
		85B187AB1C84AAF800E3B03C /* ViewController.m */ = {isa = PBXFileReference; lastKnownFileType = sourcecode.c.objc; path = ViewController.m; sourceTree = "<group>"; };
		85B187AE1C84AAF800E3B03C /* Base */ = {isa = PBXFileReference; lastKnownFileType = file.storyboard; name = Base; path = Base.lproj/Main.storyboard; sourceTree = "<group>"; };
		85B187B01C84AAF800E3B03C /* Images.xcassets */ = {isa = PBXFileReference; lastKnownFileType = folder.assetcatalog; path = Images.xcassets; sourceTree = "<group>"; };
		85B187B31C84AAF800E3B03C /* Base */ = {isa = PBXFileReference; lastKnownFileType = file.xib; name = Base; path = Base.lproj/LaunchScreen.xib; sourceTree = "<group>"; };
		85B187B91C84AAF800E3B03C /* calculatorTests.xctest */ = {isa = PBXFileReference; explicitFileType = wrapper.cfbundle; includeInIndex = 0; path = calculatorTests.xctest; sourceTree = BUILT_PRODUCTS_DIR; };
		85B187BE1C84AAF800E3B03C /* Info.plist */ = {isa = PBXFileReference; lastKnownFileType = text.plist.xml; path = Info.plist; sourceTree = "<group>"; };
		85B187BF1C84AAF800E3B03C /* calculatorTests.m */ = {isa = PBXFileReference; lastKnownFileType = sourcecode.c.objc; path = calculatorTests.m; sourceTree = "<group>"; };
/* End PBXFileReference section */

/* Begin PBXFrameworksBuildPhase section */
		85B1879D1C84AAF800E3B03C /* Frameworks */ = {
			isa = PBXFrameworksBuildPhase;
			buildActionMask = 2147483647;
			files = (
			);
			runOnlyForDeploymentPostprocessing = 0;
		};
		85B187B61C84AAF800E3B03C /* Frameworks */ = {
			isa = PBXFrameworksBuildPhase;
			buildActionMask = 2147483647;
			files = (
			);
			runOnlyForDeploymentPostprocessing = 0;
		};
/* End PBXFrameworksBuildPhase section */

/* Begin PBXGroup section */
		85B187971C84AAF800E3B03C = {
			isa = PBXGroup;
			children = (
				85B187A21C84AAF800E3B03C /* calculator */,
				85B187BC1C84AAF800E3B03C /* calculatorTests */,
				85B187A11C84AAF800E3B03C /* Products */,
			);
			sourceTree = "<group>";
		};
		85B187A11C84AAF800E3B03C /* Products */ = {
			isa = PBXGroup;
			children = (
				85B187A01C84AAF800E3B03C /* calculator.app */,
				85B187B91C84AAF800E3B03C /* calculatorTests.xctest */,
			);
			name = Products;
			sourceTree = "<group>";
		};
		85B187A21C84AAF800E3B03C /* calculator */ = {
			isa = PBXGroup;
			children = (
				85B187A71C84AAF800E3B03C /* AppDelegate.h */,
				85B187A81C84AAF800E3B03C /* AppDelegate.m */,
				85B187AA1C84AAF800E3B03C /* ViewController.h */,
				85B187AB1C84AAF800E3B03C /* ViewController.m */,
				85B187AD1C84AAF800E3B03C /* Main.storyboard */,
				85B187B01C84AAF800E3B03C /* Images.xcassets */,
				85B187B21C84AAF800E3B03C /* LaunchScreen.xib */,
				85B187A31C84AAF800E3B03C /* Supporting Files */,
			);
			path = calculator;
			sourceTree = "<group>";
		};
		85B187A31C84AAF800E3B03C /* Supporting Files */ = {
			isa = PBXGroup;
			children = (
				85B187A41C84AAF800E3B03C /* Info.plist */,
				85B187A51C84AAF800E3B03C /* main.m */,
			);
			name = "Supporting Files";
			sourceTree = "<group>";
		};
		85B187BC1C84AAF800E3B03C /* calculatorTests */ = {
			isa = PBXGroup;
			children = (
				85B187BF1C84AAF800E3B03C /* calculatorTests.m */,
				85B187BD1C84AAF800E3B03C /* Supporting Files */,
			);
			path = calculatorTests;
			sourceTree = "<group>";
		};
		85B187BD1C84AAF800E3B03C /* Supporting Files */ = {
			isa = PBXGroup;
			children = (
				85B187BE1C84AAF800E3B03C /* Info.plist */,
			);
			name = "Supporting Files";
			sourceTree = "<group>";
		};
/* End PBXGroup section */

/* Begin PBXNativeTarget section */
		85B1879F1C84AAF800E3B03C /* calculator */ = {
			isa = PBXNativeTarget;
			buildConfigurationList = 85B187C31C84AAF800E3B03C /* Build configuration list for PBXNativeTarget "calculator" */;
			buildPhases = (
				85B1879C1C84AAF800E3B03C /* Sources */,
				85B1879D1C84AAF800E3B03C /* Frameworks */,
				85B1879E1C84AAF800E3B03C /* Resources */,
			);
			buildRules = (
			);
			dependencies = (
			);
			name = calculator;
			productName = calculator;
			productReference = 85B187A01C84AAF800E3B03C /* calculator.app */;
			productType = "com.apple.product-type.application";
		};
		85B187B81C84AAF800E3B03C /* calculatorTests */ = {
			isa = PBXNativeTarget;
			buildConfigurationList = 85B187C61C84AAF800E3B03C /* Build configuration list for PBXNativeTarget "calculatorTests" */;
			buildPhases = (
				85B187B51C84AAF800E3B03C /* Sources */,
				85B187B61C84AAF800E3B03C /* Frameworks */,
				85B187B71C84AAF800E3B03C /* Resources */,
			);
			buildRules = (
			);
			dependencies = (
				85B187BB1C84AAF800E3B03C /* PBXTargetDependency */,
			);
			name = calculatorTests;
			productName = calculatorTests;
			productReference = 85B187B91C84AAF800E3B03C /* calculatorTests.xctest */;
			productType = "com.apple.product-type.bundle.unit-test";
		};
/* End PBXNativeTarget section */

/* Begin PBXProject section */
		85B187981C84AAF800E3B03C /* Project object */ = {
			isa = PBXProject;
			attributes = {
				LastUpgradeCheck = 0630;
				ORGANIZATIONNAME = luoyangligong;
				TargetAttributes = {
					85B1879F1C84AAF800E3B03C = {
						CreatedOnToolsVersion = 6.3;
					};
					85B187B81C84AAF800E3B03C = {
						CreatedOnToolsVersion = 6.3;
						TestTargetID = 85B1879F1C84AAF800E3B03C;
					};
				};
			};
			buildConfigurationList = 85B1879B1C84AAF800E3B03C /* Build configuration list for PBXProject "calculator" */;
			compatibilityVersion = "Xcode 3.2";
			developmentRegion = English;
			hasScannedForEncodings = 0;
			knownRegions = (
				en,
				Base,
			);
			mainGroup = 85B187971C84AAF800E3B03C;
			productRefGroup = 85B187A11C84AAF800E3B03C /* Products */;
			projectDirPath = "";
			projectRoot = "";
			targets = (
				85B1879F1C84AAF800E3B03C /* calculator */,
				85B187B81C84AAF800E3B03C /* calculatorTests */,
			);
		};
/* End PBXProject section */

/* Begin PBXResourcesBuildPhase section */
		85B1879E1C84AAF800E3B03C /* Resources */ = {
			isa = PBXResourcesBuildPhase;
			buildActionMask = 2147483647;
			files = (
				85B187AF1C84AAF800E3B03C /* Main.storyboard in Resources */,
				85B187B41C84AAF800E3B03C /* LaunchScreen.xib in Resources */,
				85B187B11C84AAF800E3B03C /* Images.xcassets in Resources */,
			);
			runOnlyForDeploymentPostprocessing = 0;
		};
		85B187B71C84AAF800E3B03C /* Resources */ = {
			isa = PBXResourcesBuildPhase;
			buildActionMask = 2147483647;
			files = (
			);
			runOnlyForDeploymentPostprocessing = 0;
		};
/* End PBXResourcesBuildPhase section */

/* Begin PBXSourcesBuildPhase section */
		85B1879C1C84AAF800E3B03C /* Sources */ = {
			isa = PBXSourcesBuildPhase;
			buildActionMask = 2147483647;
			files = (
				85B187AC1C84AAF800E3B03C /* ViewController.m in Sources */,
				85B187A91C84AAF800E3B03C /* AppDelegate.m in Sources */,
				85B187A61C84AAF800E3B03C /* main.m in Sources */,
			);
			runOnlyForDeploymentPostprocessing = 0;
		};
		85B187B51C84AAF800E3B03C /* Sources */ = {
			isa = PBXSourcesBuildPhase;
			buildActionMask = 2147483647;
			files = (
				85B187C01C84AAF800E3B03C /* calculatorTests.m in Sources */,
			);
			runOnlyForDeploymentPostprocessing = 0;
		};
/* End PBXSourcesBuildPhase section */

/* Begin PBXTargetDependency section */
		85B187BB1C84AAF800E3B03C /* PBXTargetDependency */ = {
			isa = PBXTargetDependency;
			target = 85B1879F1C84AAF800E3B03C /* calculator */;
			targetProxy = 85B187BA1C84AAF800E3B03C /* PBXContainerItemProxy */;
		};
/* End PBXTargetDependency section */

/* Begin PBXVariantGroup section */
		85B187AD1C84AAF800E3B03C /* Main.storyboard */ = {
			isa = PBXVariantGroup;
			children = (
				85B187AE1C84AAF800E3B03C /* Base */,
			);
			name = Main.storyboard;
			sourceTree = "<group>";
		};
		85B187B21C84AAF800E3B03C /* LaunchScreen.xib */ = {
			isa = PBXVariantGroup;
			children = (
				85B187B31C84AAF800E3B03C /* Base */,
			);
			name = LaunchScreen.xib;
			sourceTree = "<group>";
		};
/* End PBXVariantGroup section */

/* Begin XCBuildConfiguration section */
		85B187C11C84AAF800E3B03C /* Debug */ = {
			isa = XCBuildConfiguration;
			buildSettings = {
				ALWAYS_SEARCH_USER_PATHS = NO;
				CLANG_CXX_LANGUAGE_STANDARD = "gnu++0x";
				CLANG_CXX_LIBRARY = "libc++";
				CLANG_ENABLE_MODULES = YES;
				CLANG_ENABLE_OBJC_ARC = YES;
				CLANG_WARN_BOOL_CONVERSION = YES;
				CLANG_WARN_CONSTANT_CONVERSION = YES;
				CLANG_WARN_DIRECT_OBJC_ISA_USAGE = YES_ERROR;
				CLANG_WARN_EMPTY_BODY = YES;
				CLANG_WARN_ENUM_CONVERSION = YES;
				CLANG_WARN_INT_CONVERSION = YES;
				CLANG_WARN_OBJC_ROOT_CLASS = YES_ERROR;
				CLANG_WARN_UNREACHABLE_CODE = YES;
				CLANG_WARN__DUPLICATE_METHOD_MATCH = YES;
				"CODE_SIGN_IDENTITY[sdk=iphoneos*]" = "iPhone Developer";
				COPY_PHASE_STRIP = NO;
				DEBUG_INFORMATION_FORMAT = "dwarf-with-dsym";
				ENABLE_STRICT_OBJC_MSGSEND = YES;
				GCC_C_LANGUAGE_STANDARD = gnu99;
				GCC_DYNAMIC_NO_PIC = NO;
				GCC_NO_COMMON_BLOCKS = YES;
				GCC_OPTIMIZATION_LEVEL = 0;
				GCC_PREPROCESSOR_DEFINITIONS = (
					"DEBUG=1",
					"$(inherited)",
				);
				GCC_SYMBOLS_PRIVATE_EXTERN = NO;
				GCC_WARN_64_TO_32_BIT_CONVERSION = YES;
				GCC_WARN_ABOUT_RETURN_TYPE = YES_ERROR;
				GCC_WARN_UNDECLARED_SELECTOR = YES;
				GCC_WARN_UNINITIALIZED_AUTOS = YES_AGGRESSIVE;
				GCC_WARN_UNUSED_FUNCTION = YES;
				GCC_WARN_UNUSED_VARIABLE = YES;
				IPHONEOS_DEPLOYMENT_TARGET = 8.3;
				MTL_ENABLE_DEBUG_INFO = YES;
				ONLY_ACTIVE_ARCH = YES;
				SDKROOT = iphoneos;
			};
			name = Debug;
		};
		85B187C21C84AAF800E3B03C /* Release */ = {
			isa = XCBuildConfiguration;
			buildSettings = {
				ALWAYS_SEARCH_USER_PATHS = NO;
				CLANG_CXX_LANGUAGE_STANDARD = "gnu++0x";
				CLANG_CXX_LIBRARY = "libc++";
				CLANG_ENABLE_MODULES = YES;
				CLANG_ENABLE_OBJC_ARC = YES;
				CLANG_WARN_BOOL_CONVERSION = YES;
				CLANG_WARN_CONSTANT_CONVERSION = YES;
				CLANG_WARN_DIRECT_OBJC_ISA_USAGE = YES_ERROR;
				CLANG_WARN_EMPTY_BODY = YES;
				CLANG_WARN_ENUM_CONVERSION = YES;
				CLANG_WARN_INT_CONVERSION = YES;
				CLANG_WARN_OBJC_ROOT_CLASS = YES_ERROR;
				CLANG_WARN_UNREACHABLE_CODE = YES;
				CLANG_WARN__DUPLICATE_METHOD_MATCH = YES;
				"CODE_SIGN_IDENTITY[sdk=iphoneos*]" = "iPhone Developer";
				COPY_PHASE_STRIP = NO;
				DEBUG_INFORMATION_FORMAT = "dwarf-with-dsym";
				ENABLE_NS_ASSERTIONS = NO;
				ENABLE_STRICT_OBJC_MSGSEND = YES;
				GCC_C_LANGUAGE_STANDARD = gnu99;
				GCC_NO_COMMON_BLOCKS = YES;
				GCC_WARN_64_TO_32_BIT_CONVERSION = YES;
				GCC_WARN_ABOUT_RETURN_TYPE = YES_ERROR;
				GCC_WARN_UNDECLARED_SELECTOR = YES;
				GCC_WARN_UNINITIALIZED_AUTOS = YES_AGGRESSIVE;
				GCC_WARN_UNUSED_FUNCTION = YES;
				GCC_WARN_UNUSED_VARIABLE = YES;
				IPHONEOS_DEPLOYMENT_TARGET = 8.3;
				MTL_ENABLE_DEBUG_INFO = NO;
				SDKROOT = iphoneos;
				VALIDATE_PRODUCT = YES;
			};
			name = Release;
		};
		85B187C41C84AAF800E3B03C /* Debug */ = {
			isa = XCBuildConfiguration;
			buildSettings = {
				ASSETCATALOG_COMPILER_APPICON_NAME = AppIcon;
				INFOPLIST_FILE = calculator/Info.plist;
				LD_RUNPATH_SEARCH_PATHS = "$(inherited) @executable_path/Frameworks";
				PRODUCT_NAME = "$(TARGET_NAME)";
			};
			name = Debug;
		};
		85B187C51C84AAF800E3B03C /* Release */ = {
			isa = XCBuildConfiguration;
			buildSettings = {
				ASSETCATALOG_COMPILER_APPICON_NAME = AppIcon;
				INFOPLIST_FILE = calculator/Info.plist;
				LD_RUNPATH_SEARCH_PATHS = "$(inherited) @executable_path/Frameworks";
				PRODUCT_NAME = "$(TARGET_NAME)";
			};
			name = Release;
		};
		85B187C71C84AAF800E3B03C /* Debug */ = {
			isa = XCBuildConfiguration;
			buildSettings = {
				BUNDLE_LOADER = "$(TEST_HOST)";
				FRAMEWORK_SEARCH_PATHS = (
					"$(SDKROOT)/Developer/Library/Frameworks",
					"$(inherited)",
				);
				GCC_PREPROCESSOR_DEFINITIONS = (
					"DEBUG=1",
					"$(inherited)",
				);
				INFOPLIST_FILE = calculatorTests/Info.plist;
				LD_RUNPATH_SEARCH_PATHS = "$(inherited) @executable_path/Frameworks @loader_path/Frameworks";
				PRODUCT_NAME = "$(TARGET_NAME)";
				TEST_HOST = "$(BUILT_PRODUCTS_DIR)/calculator.app/calculator";
			};
			name = Debug;
		};
		85B187C81C84AAF800E3B03C /* Release */ = {
			isa = XCBuildConfiguration;
			buildSettings = {
				BUNDLE_LOADER = "$(TEST_HOST)";
				FRAMEWORK_SEARCH_PATHS = (
					"$(SDKROOT)/Developer/Library/Frameworks",
					"$(inherited)",
				);
				INFOPLIST_FILE = calculatorTests/Info.plist;
				LD_RUNPATH_SEARCH_PATHS = "$(inherited) @executable_path/Frameworks @loader_path/Frameworks";
				PRODUCT_NAME = "$(TARGET_NAME)";
				TEST_HOST = "$(BUILT_PRODUCTS_DIR)/calculator.app/calculator";
			};
			name = Release;
		};
/* End XCBuildConfiguration section */

/* Begin XCConfigurationList section */
		85B1879B1C84AAF800E3B03C /* Build configuration list for PBXProject "calculator" */ = {
			isa = XCConfigurationList;
			buildConfigurations = (
				85B187C11C84AAF800E3B03C /* Debug */,
				85B187C21C84AAF800E3B03C /* Release */,
			);
			defaultConfigurationIsVisible = 0;
			defaultConfigurationName = Release;
		};
		85B187C31C84AAF800E3B03C /* Build configuration list for PBXNativeTarget "calculator" */ = {
			isa = XCConfigurationList;
			buildConfigurations = (
				85B187C41C84AAF800E3B03C /* Debug */,
				85B187C51C84AAF800E3B03C /* Release */,
			);
			defaultConfigurationIsVisible = 0;
		};
		85B187C61C84AAF800E3B03C /* Build configuration list for PBXNativeTarget "calculatorTests" */ = {
			isa = XCConfigurationList;
			buildConfigurations = (
				85B187C71C84AAF800E3B03C /* Debug */,
				85B187C81C84AAF800E3B03C /* Release */,
			);
			defaultConfigurationIsVisible = 0;
		};
/* End XCConfigurationList section */
	};
	rootObject = 85B187981C84AAF800E3B03C /* Project object */;
}
